
Microsoft Visual Studio Solution File, Format Version 12.00
# Visual Studio 15
VisualStudioVersion = 15.0.28307.106
MinimumVisualStudioVersion = 10.0.40219.1
Project("{9A19103F-16F7-4668-BE54-9A1E7A4F7556}") = "Walmart.Web", "Walmart.Web\Walmart.Web.csproj", "{3E269540-1C05-4C0A-9118-80F8EE51E924}"
EndProject
Project("{FAE04EC0-301F-11D3-BF4B-00C04F79EFBC}") = "Walmart.Core", "Walmart.Core\Walmart.Core.csproj", "{B4E06CD2-A1D6-439B-B2F9-A7A12F9541BB}"
EndProject
Global
	GlobalSection(SolutionConfigurationPlatforms) = preSolution
		Debug|Any CPU = Debug|Any CPU
		Release|Any CPU = Release|Any CPU
	EndGlobalSection
	GlobalSection(ProjectConfigurationPlatforms) = postSolution
		{3E269540-1C05-4C0A-9118-80F8EE51E924}.Debug|Any CPU.ActiveCfg = Debug|Any CPU
		{3E269540-1C05-4C0A-9118-80F8EE51E924}.Debug|Any CPU.Build.0 = Debug|Any CPU
		{3E269540-1C05-4C0A-9118-80F8EE51E924}.Release|Any CPU.ActiveCfg = Release|Any CPU
		{3E269540-1C05-4C0A-9118-80F8EE51E924}.Release|Any CPU.Build.0 = Release|Any CPU
		{B4E06CD2-A1D6-439B-B2F9-A7A12F9541BB}.Debug|Any CPU.ActiveCfg = Debug|Any CPU
		{B4E06CD2-A1D6-439B-B2F9-A7A12F9541BB}.Debug|Any CPU.Build.0 = Debug|Any CPU
		{B4E06CD2-A1D6-439B-B2F9-A7A12F9541BB}.Release|Any CPU.ActiveCfg = Release|Any CPU
		{B4E06CD2-A1D6-439B-B2F9-A7A12F9541BB}.Release|Any CPU.Build.0 = Release|Any CPU
	EndGlobalSection
	GlobalSection(SolutionProperties) = preSolution
		HideSolutionNode = FALSE
	EndGlobalSection
	GlobalSection(ExtensibilityGlobals) = postSolution
		SolutionGuid = {6C8B5FDB-01DF-489D-89AC-02BD576D8C7C}
	EndGlobalSection
EndGlobal
